{
  "version": 4,
  "terraform_version": "1.3.7",
  "serial": 3,
  "lineage": "c05367b3-aeab-1ab2-2427-af4e7b7a02ee",
  "outputs": {},
  "resources": [
    {
      "mode": "managed",
      "type": "azurerm_nat_gateway",
      "name": "nat_gateway",
      "provider": "provider[\"registry.terraform.io/hashicorp/azurerm\"]",
      "instances": [
        {
          "schema_version": 0,
          "attributes": {
            "id": "/subscriptions/3e35dbc2-1fb3-4587-8a24-839183274912/resourceGroups/jkarkoszka-test-rg/providers/Microsoft.Network/natGateways/nat-gateway",
            "idle_timeout_in_minutes": 4,
            "location": "westeurope",
            "name": "nat-gateway",
            "resource_group_name": "jkarkoszka-test-rg",
            "resource_guid": "6842fd34-6fc2-4c94-be76-fe2b278edfd6",
            "sku_name": "Standard",
            "tags": null,
            "timeouts": null,
            "zones": null
          },
          "sensitive_attributes": [],
          "private": "eyJlMmJmYjczMC1lY2FhLTExZTYtOGY4OC0zNDM2M2JjN2M0YzAiOnsiY3JlYXRlIjozNjAwMDAwMDAwMDAwLCJkZWxldGUiOjM2MDAwMDAwMDAwMDAsInJlYWQiOjMwMDAwMDAwMDAwMCwidXBkYXRlIjozNjAwMDAwMDAwMDAwfX0=",
          "dependencies": [
            "module.rg.azurerm_resource_group.rg"
          ]
        }
      ]
    },
    {
      "module": "module.rg",
      "mode": "managed",
      "type": "azurerm_resource_group",
      "name": "rg",
      "provider": "provider[\"registry.terraform.io/hashicorp/azurerm\"]",
      "instances": [
        {
          "schema_version": 0,
          "attributes": {
            "id": "/subscriptions/3e35dbc2-1fb3-4587-8a24-839183274912/resourceGroups/jkarkoszka-test-rg",
            "location": "westeurope",
            "name": "jkarkoszka-test-rg",
            "tags": null,
            "timeouts": null
          },
          "sensitive_attributes": [],
          "private": "eyJlMmJmYjczMC1lY2FhLTExZTYtOGY4OC0zNDM2M2JjN2M0YzAiOnsiY3JlYXRlIjo1NDAwMDAwMDAwMDAwLCJkZWxldGUiOjU0MDAwMDAwMDAwMDAsInJlYWQiOjMwMDAwMDAwMDAwMCwidXBkYXRlIjo1NDAwMDAwMDAwMDAwfX0="
        }
      ]
    }
  ],
  "check_results": null
}
